Microsoft Visual Studio Solution File, Format Version 12.00
# Visual Studio 2012
Project("{FAE04EC0-301F-11D3-BF4B-00C04F79EFBC}") = "Fui Conhecer a Familia da Minha Mina e Algo Horrível Aconteceu", "Fui Conhecer a Familia da Minha Mina e Algo Horrível Aconteceu.csproj", "{D200AE50-4C4A-4CC5-809A-54EDC45947BB}"
EndProject
Global
	GlobalSection(SolutionConfigurationPlatforms) = preSolution
	Debug|Any CPU = Debug|Any CPU
	ExportDebug|Any CPU = ExportDebug|Any CPU
	ExportRelease|Any CPU = ExportRelease|Any CPU
	EndGlobalSection
	GlobalSection(ProjectConfigurationPlatforms) = postSolution
		{D200AE50-4C4A-4CC5-809A-54EDC45947BB}.Debug|Any CPU.ActiveCfg = Debug|Any CPU
		{D200AE50-4C4A-4CC5-809A-54EDC45947BB}.Debug|Any CPU.Build.0 = Debug|Any CPU
		{D200AE50-4C4A-4CC5-809A-54EDC45947BB}.ExportDebug|Any CPU.ActiveCfg = ExportDebug|Any CPU
		{D200AE50-4C4A-4CC5-809A-54EDC45947BB}.ExportDebug|Any CPU.Build.0 = ExportDebug|Any CPU
		{D200AE50-4C4A-4CC5-809A-54EDC45947BB}.ExportRelease|Any CPU.ActiveCfg = ExportRelease|Any CPU
		{D200AE50-4C4A-4CC5-809A-54EDC45947BB}.ExportRelease|Any CPU.Build.0 = ExportRelease|Any CPU
	EndGlobalSection
EndGlobal
